
Microsoft Visual Studio Solution File, Format Version 12.00
# Visual Studio Version 17
VisualStudioVersion = 17.4.33213.308
MinimumVisualStudioVersion = 10.0.40219.1
Project("{9A19103F-16F7-4668-BE54-9A1E7A4F7556}") = "AM.UI.Console", "AM.UI.Console\AM.UI.Console.csproj", "{09E42B9E-A75C-4F94-848B-AAC4542678C4}"
EndProject
Project("{9A19103F-16F7-4668-BE54-9A1E7A4F7556}") = "AM.ApplicationCore", "AM.ApplicationCore\AM.ApplicationCore.csproj", "{37B54B7A-EF6D-411B-9924-E74259576D83}"
EndProject
Project("{9A19103F-16F7-4668-BE54-9A1E7A4F7556}") = "AM.Infrastructure", "AM.Infrastructure\AM.Infrastructure.csproj", "{190829F2-D32E-4C43-B06F-254DB5751D26}"
EndProject
Project("{FAE04EC0-301F-11D3-BF4B-00C04F79EFBC}") = "AM.UI.Web", "AM.UI.Web\AM.UI.Web.csproj", "{5FE02B69-9BC3-4ADE-8912-08E743E79767}"
EndProject
Global
	GlobalSection(SolutionConfigurationPlatforms) = preSolution
		Debug|Any CPU = Debug|Any CPU
		Release|Any CPU = Release|Any CPU
	EndGlobalSection
	GlobalSection(ProjectConfigurationPlatforms) = postSolution
		{09E42B9E-A75C-4F94-848B-AAC4542678C4}.Debug|Any CPU.ActiveCfg = Debug|Any CPU
		{09E42B9E-A75C-4F94-848B-AAC4542678C4}.Debug|Any CPU.Build.0 = Debug|Any CPU
		{09E42B9E-A75C-4F94-848B-AAC4542678C4}.Release|Any CPU.ActiveCfg = Release|Any CPU
		{09E42B9E-A75C-4F94-848B-AAC4542678C4}.Release|Any CPU.Build.0 = Release|Any CPU
		{37B54B7A-EF6D-411B-9924-E74259576D83}.Debug|Any CPU.ActiveCfg = Debug|Any CPU
		{37B54B7A-EF6D-411B-9924-E74259576D83}.Debug|Any CPU.Build.0 = Debug|Any CPU
		{37B54B7A-EF6D-411B-9924-E74259576D83}.Release|Any CPU.ActiveCfg = Release|Any CPU
		{37B54B7A-EF6D-411B-9924-E74259576D83}.Release|Any CPU.Build.0 = Release|Any CPU
		{190829F2-D32E-4C43-B06F-254DB5751D26}.Debug|Any CPU.ActiveCfg = Debug|Any CPU
		{190829F2-D32E-4C43-B06F-254DB5751D26}.Debug|Any CPU.Build.0 = Debug|Any CPU
		{190829F2-D32E-4C43-B06F-254DB5751D26}.Release|Any CPU.ActiveCfg = Release|Any CPU
		{190829F2-D32E-4C43-B06F-254DB5751D26}.Release|Any CPU.Build.0 = Release|Any CPU
		{5FE02B69-9BC3-4ADE-8912-08E743E79767}.Debug|Any CPU.ActiveCfg = Debug|Any CPU
		{5FE02B69-9BC3-4ADE-8912-08E743E79767}.Debug|Any CPU.Build.0 = Debug|Any CPU
		{5FE02B69-9BC3-4ADE-8912-08E743E79767}.Release|Any CPU.ActiveCfg = Release|Any CPU
		{5FE02B69-9BC3-4ADE-8912-08E743E79767}.Release|Any CPU.Build.0 = Release|Any CPU
	EndGlobalSection
	GlobalSection(SolutionProperties) = preSolution
		HideSolutionNode = FALSE
	EndGlobalSection
	GlobalSection(ExtensibilityGlobals) = postSolution
		SolutionGuid = {938C7563-AA6B-4E55-A73C-8306115E7219}
	EndGlobalSection
EndGlobal
